
Microsoft Visual Studio Solution File, Format Version 12.00
# Visual Studio 15
Project("{FAE04EC0-301F-11D3-BF4B-00C04F79EFBC}") = "Unity.XR.Interaction.Toolkit.Samples.DeviceSimulator", "Unity.XR.Interaction.Toolkit.Samples.DeviceSimulator.csproj", "{BFB2093D-5897-D2D5-21D5-C509C7B9B014}"
EndProject
Project("{FAE04EC0-301F-11D3-BF4B-00C04F79EFBC}") = "Assembly-CSharp", "Assembly-CSharp.csproj", "{8E79215F-F697-5660-7EDD-74138F6CD88F}"
EndProject
Global
	GlobalSection(SolutionConfigurationPlatforms) = preSolution
		Debug|Any CPU = Debug|Any CPU
		Release|Any CPU = Release|Any CPU
	EndGlobalSection
	GlobalSection(ProjectConfigurationPlatforms) = postSolution
		{BFB2093D-5897-D2D5-21D5-C509C7B9B014}.Debug|Any CPU.ActiveCfg = Debug|Any CPU
		{BFB2093D-5897-D2D5-21D5-C509C7B9B014}.Debug|Any CPU.Build.0 = Debug|Any CPU
		{BFB2093D-5897-D2D5-21D5-C509C7B9B014}.Release|Any CPU.ActiveCfg = Release|Any CPU
		{BFB2093D-5897-D2D5-21D5-C509C7B9B014}.Release|Any CPU.Build.0 = Release|Any CPU
		{8E79215F-F697-5660-7EDD-74138F6CD88F}.Debug|Any CPU.ActiveCfg = Debug|Any CPU
		{8E79215F-F697-5660-7EDD-74138F6CD88F}.Debug|Any CPU.Build.0 = Debug|Any CPU
		{8E79215F-F697-5660-7EDD-74138F6CD88F}.Release|Any CPU.ActiveCfg = Release|Any CPU
		{8E79215F-F697-5660-7EDD-74138F6CD88F}.Release|Any CPU.Build.0 = Release|Any CPU
	EndGlobalSection
	GlobalSection(SolutionProperties) = preSolution
		HideSolutionNode = FALSE
	EndGlobalSection
EndGlobal
